
Microsoft Visual Studio Solution File, Format Version 12.00
# Visual Studio Version 16
VisualStudioVersion = 16.0.32413.511
MinimumVisualStudioVersion = 10.0.40219.1
Project("{FAE04EC0-301F-11D3-BF4B-00C04F79EFBC}") = "LFU Cache", "LFU Cache\LFU Cache.csproj", "{BCF0FC58-F7C2-4ECF-9842-DFE4A84308F9}"
EndProject
Global
	GlobalSection(SolutionConfigurationPlatforms) = preSolution
		Debug|Any CPU = Debug|Any CPU
		Release|Any CPU = Release|Any CPU
	EndGlobalSection
	GlobalSection(ProjectConfigurationPlatforms) = postSolution
		{BCF0FC58-F7C2-4ECF-9842-DFE4A84308F9}.Debug|Any CPU.ActiveCfg = Debug|Any CPU
		{BCF0FC58-F7C2-4ECF-9842-DFE4A84308F9}.Debug|Any CPU.Build.0 = Debug|Any CPU
		{BCF0FC58-F7C2-4ECF-9842-DFE4A84308F9}.Release|Any CPU.ActiveCfg = Release|Any CPU
		{BCF0FC58-F7C2-4ECF-9842-DFE4A84308F9}.Release|Any CPU.Build.0 = Release|Any CPU
	EndGlobalSection
	GlobalSection(SolutionProperties) = preSolution
		HideSolutionNode = FALSE
	EndGlobalSection
	GlobalSection(ExtensibilityGlobals) = postSolution
		SolutionGuid = {5A03C9E2-ED1E-4B5E-8AB2-038D436A20E2}
	EndGlobalSection
EndGlobal
